
Microsoft Visual Studio Solution File, Format Version 12.00
# Visual Studio 14
VisualStudioVersion = 14.0.25123.0
MinimumVisualStudioVersion = 10.0.40219.1
Project("{FAE04EC0-301F-11D3-BF4B-00C04F79EFBC}") = "Wheatech", "src\Wheatech.csproj", "{E00CB524-F10C-443D-9024-E020AF890F67}"
EndProject
Project("{FAE04EC0-301F-11D3-BF4B-00C04F79EFBC}") = "Wheatech.UnitTest", "tests\Wheatech.UnitTest.csproj", "{204F4527-4078-4ABA-98EA-7FB0B5529D2C}"
EndProject
Project("{2150E333-8FDC-42A3-9474-1A3956D46DE8}") = "nuget", "nuget", "{0303C7F0-4D26-402B-B64A-F009160D7D14}"
	ProjectSection(SolutionItems) = preProject
		nuget\Wheatech.nuspec = nuget\Wheatech.nuspec
	EndProjectSection
EndProject
Global
	GlobalSection(SolutionConfigurationPlatforms) = preSolution
		Debug|Any CPU = Debug|Any CPU
		Release|Any CPU = Release|Any CPU
	EndGlobalSection
	GlobalSection(ProjectConfigurationPlatforms) = postSolution
		{E00CB524-F10C-443D-9024-E020AF890F67}.Debug|Any CPU.ActiveCfg = Debug|Any CPU
		{E00CB524-F10C-443D-9024-E020AF890F67}.Debug|Any CPU.Build.0 = Debug|Any CPU
		{E00CB524-F10C-443D-9024-E020AF890F67}.Release|Any CPU.ActiveCfg = Release|Any CPU
		{E00CB524-F10C-443D-9024-E020AF890F67}.Release|Any CPU.Build.0 = Release|Any CPU
		{204F4527-4078-4ABA-98EA-7FB0B5529D2C}.Debug|Any CPU.ActiveCfg = Debug|Any CPU
		{204F4527-4078-4ABA-98EA-7FB0B5529D2C}.Debug|Any CPU.Build.0 = Debug|Any CPU
		{204F4527-4078-4ABA-98EA-7FB0B5529D2C}.Release|Any CPU.ActiveCfg = Release|Any CPU
		{204F4527-4078-4ABA-98EA-7FB0B5529D2C}.Release|Any CPU.Build.0 = Release|Any CPU
	EndGlobalSection
	GlobalSection(SolutionProperties) = preSolution
		HideSolutionNode = FALSE
	EndGlobalSection
EndGlobal
